{
    "requires": true,
    "lockfileVersion": 1,
    "dependencies": {
        "@ckeditor/ckeditor5-build-classic": {
            "version": "10.1.0",
            "resolved": "https://registry.npmjs.org/@ckeditor/ckeditor5-build-classic/-/ckeditor5-build-classic-10.1.0.tgz",
            "integrity": "sha1-jvRZdhFfLRt0eGW42JLEGd+CkfQ="
        },
        "font-awesome": {
            "version": "4.7.0",
            "resolved": "https://registry.npmjs.org/font-awesome/-/font-awesome-4.7.0.tgz",
            "integrity": "sha1-j6jPBBGhoxr9B7BtKQK7n8gVoTM="
        },
        "froala-editor": {
            "version": "2.8.4",
            "resolved": "https://registry.npmjs.org/froala-editor/-/froala-editor-2.8.4.tgz",
            "integrity": "sha512-DObeh8j8mmRDprgCOnUvtYqJ0IVsKUFxvzCFX1hoEVMt3l659QaKLcQDYoaiPtecIIjGHWvARYh1YpR4FpAAjw==",
            "requires": {
                "font-awesome": ">=4.4.0",
                "jquery": ">=1.11.0"
            }
        },
        "jquery": {
            "version": "3.3.1",
            "resolved": "https://registry.npmjs.org/jquery/-/jquery-3.3.1.tgz",
            "integrity": "sha512-Ubldcmxp5np52/ENotGxlLe6aGMvmF4R8S6tZjsP6Knsaxd/xp3Zrh50cG93lR6nPXyUFwzN3ZSOQI0wRJNdGg=="
        }
    }
}
